<Solution>
  <Folder Name="/src/">
    <Project Path="src/AtlasCli.Application/AtlasCli.Application.csproj" />
    <Project Path="src/AtlasCli.Infrastructure.Bitbucket/AtlasCli.Infrastructure.Bitbucket.csproj" />
    <Project Path="src/AtlasCli.Cli/AtlasCli.Cli.csproj" />
  </Folder>
  <Folder Name="/tests/">
    <Project Path="tests/AtlasCli.Tests/AtlasCli.Tests.csproj" />
  </Folder>
</Solution>
